
Microsoft Visual Studio Solution File, Format Version 12.00
# Visual Studio Version 16
VisualStudioVersion = 16.0.30717.126
MinimumVisualStudioVersion = 10.0.40219.1
Project("{8BC9CEB8-8B4A-11D0-8D11-00A0C91BC942}") = "ClassRoster", "ClassRoster\ClassRoster.vcxproj", "{3CCB1805-3F26-4D04-9233-2DB28E94C157}"
EndProject
Global
	GlobalSection(SolutionConfigurationPlatforms) = preSolution
		Debug|x64 = Debug|x64
		Debug|x86 = Debug|x86
		Release|x64 = Release|x64
		Release|x86 = Release|x86
	EndGlobalSection
	GlobalSection(ProjectConfigurationPlatforms) = postSolution
		{3CCB1805-3F26-4D04-9233-2DB28E94C157}.Debug|x64.ActiveCfg = Debug|x64
		{3CCB1805-3F26-4D04-9233-2DB28E94C157}.Debug|x64.Build.0 = Debug|x64
		{3CCB1805-3F26-4D04-9233-2DB28E94C157}.Debug|x86.ActiveCfg = Debug|Win32
		{3CCB1805-3F26-4D04-9233-2DB28E94C157}.Debug|x86.Build.0 = Debug|Win32
		{3CCB1805-3F26-4D04-9233-2DB28E94C157}.Release|x64.ActiveCfg = Release|x64
		{3CCB1805-3F26-4D04-9233-2DB28E94C157}.Release|x64.Build.0 = Release|x64
		{3CCB1805-3F26-4D04-9233-2DB28E94C157}.Release|x86.ActiveCfg = Release|Win32
		{3CCB1805-3F26-4D04-9233-2DB28E94C157}.Release|x86.Build.0 = Release|Win32
	EndGlobalSection
	GlobalSection(SolutionProperties) = preSolution
		HideSolutionNode = FALSE
	EndGlobalSection
	GlobalSection(ExtensibilityGlobals) = postSolution
		SolutionGuid = {E1468196-C5A6-40DD-A94B-EC8732A35F60}
	EndGlobalSection
EndGlobal
